
Microsoft Visual Studio Solution File, Format Version 10.00
# Visual Studio 2008
Project("{FAE04EC0-301F-11D3-BF4B-00C04F79EFBC}") = "Pinta", "Pinta\Pinta.csproj", "{E00F5D85-87B7-4A7A-8F0F-39EF763DFFD0}"
EndProject
Project("{FAE04EC0-301F-11D3-BF4B-00C04F79EFBC}") = "Pinta.Core", "Pinta.Core\Pinta.Core.csproj", "{30091528-6EC1-40F8-B4BF-8EB41CBE8A8B}"
EndProject
Project("{FAE04EC0-301F-11D3-BF4B-00C04F79EFBC}") = "Pinta.Resources", "Pinta.Resources\Pinta.Resources.csproj", "{50AFF341-655E-45EF-83CA-58F8254E4C8B}"
EndProject
Project("{FAE04EC0-301F-11D3-BF4B-00C04F79EFBC}") = "Pinta.Gui.Widgets", "Pinta.Gui.Widgets\Pinta.Gui.Widgets.csproj", "{83F0C0AD-D587-457C-B72A-1A184D6D76B3}"
EndProject
Global
	GlobalSection(SolutionConfigurationPlatforms) = preSolution
		Debug|Mixed Platforms = Debug|Mixed Platforms
		Debug|x86 = Debug|x86
		Release|Mixed Platforms = Release|Mixed Platforms
		Release|x86 = Release|x86
	EndGlobalSection
	GlobalSection(ProjectConfigurationPlatforms) = postSolution
		{E00F5D85-87B7-4A7A-8F0F-39EF763DFFD0}.Debug|Mixed Platforms.ActiveCfg = Debug|x86
		{E00F5D85-87B7-4A7A-8F0F-39EF763DFFD0}.Debug|Mixed Platforms.Build.0 = Debug|x86
		{E00F5D85-87B7-4A7A-8F0F-39EF763DFFD0}.Debug|x86.ActiveCfg = Debug|x86
		{E00F5D85-87B7-4A7A-8F0F-39EF763DFFD0}.Debug|x86.Build.0 = Debug|x86
		{E00F5D85-87B7-4A7A-8F0F-39EF763DFFD0}.Release|Mixed Platforms.ActiveCfg = Release|x86
		{E00F5D85-87B7-4A7A-8F0F-39EF763DFFD0}.Release|Mixed Platforms.Build.0 = Release|x86
		{E00F5D85-87B7-4A7A-8F0F-39EF763DFFD0}.Release|x86.ActiveCfg = Release|x86
		{E00F5D85-87B7-4A7A-8F0F-39EF763DFFD0}.Release|x86.Build.0 = Release|x86
		{30091528-6EC1-40F8-B4BF-8EB41CBE8A8B}.Debug|Mixed Platforms.ActiveCfg = Debug|Any CPU
		{30091528-6EC1-40F8-B4BF-8EB41CBE8A8B}.Debug|Mixed Platforms.Build.0 = Debug|Any CPU
		{30091528-6EC1-40F8-B4BF-8EB41CBE8A8B}.Debug|x86.ActiveCfg = Debug|Any CPU
		{30091528-6EC1-40F8-B4BF-8EB41CBE8A8B}.Debug|x86.Build.0 = Debug|Any CPU
		{30091528-6EC1-40F8-B4BF-8EB41CBE8A8B}.Release|Mixed Platforms.ActiveCfg = Release|Any CPU
		{30091528-6EC1-40F8-B4BF-8EB41CBE8A8B}.Release|Mixed Platforms.Build.0 = Release|Any CPU
		{30091528-6EC1-40F8-B4BF-8EB41CBE8A8B}.Release|x86.ActiveCfg = Release|Any CPU
		{30091528-6EC1-40F8-B4BF-8EB41CBE8A8B}.Release|x86.Build.0 = Release|Any CPU
		{50AFF341-655E-45EF-83CA-58F8254E4C8B}.Debug|Mixed Platforms.ActiveCfg = Debug|Any CPU
		{50AFF341-655E-45EF-83CA-58F8254E4C8B}.Debug|Mixed Platforms.Build.0 = Debug|Any CPU
		{50AFF341-655E-45EF-83CA-58F8254E4C8B}.Debug|x86.ActiveCfg = Debug|Any CPU
		{50AFF341-655E-45EF-83CA-58F8254E4C8B}.Debug|x86.Build.0 = Debug|Any CPU
		{50AFF341-655E-45EF-83CA-58F8254E4C8B}.Release|Mixed Platforms.ActiveCfg = Release|Any CPU
		{50AFF341-655E-45EF-83CA-58F8254E4C8B}.Release|Mixed Platforms.Build.0 = Release|Any CPU
		{50AFF341-655E-45EF-83CA-58F8254E4C8B}.Release|x86.ActiveCfg = Release|Any CPU
		{50AFF341-655E-45EF-83CA-58F8254E4C8B}.Release|x86.Build.0 = Release|Any CPU
		{83F0C0AD-D587-457C-B72A-1A184D6D76B3}.Debug|Mixed Platforms.ActiveCfg = Debug|x86
		{83F0C0AD-D587-457C-B72A-1A184D6D76B3}.Debug|Mixed Platforms.Build.0 = Debug|x86
		{83F0C0AD-D587-457C-B72A-1A184D6D76B3}.Debug|x86.ActiveCfg = Debug|x86
		{83F0C0AD-D587-457C-B72A-1A184D6D76B3}.Debug|x86.Build.0 = Debug|x86
		{83F0C0AD-D587-457C-B72A-1A184D6D76B3}.Release|Mixed Platforms.ActiveCfg = Release|x86
		{83F0C0AD-D587-457C-B72A-1A184D6D76B3}.Release|Mixed Platforms.Build.0 = Release|x86
		{83F0C0AD-D587-457C-B72A-1A184D6D76B3}.Release|x86.ActiveCfg = Release|x86
		{83F0C0AD-D587-457C-B72A-1A184D6D76B3}.Release|x86.Build.0 = Release|x86
	EndGlobalSection
	GlobalSection(SolutionProperties) = preSolution
		HideSolutionNode = FALSE
	EndGlobalSection
	GlobalSection(MonoDevelopProperties) = preSolution
		StartupItem = Pinta\Pinta.csproj
		Policies = $0
		$0.StandardHeader = $1
		$1.inheritsSet = MITX11License
		$0.TextStylePolicy = $2
		$2.FileWidth = 120
		$2.TabWidth = 4
		$2.inheritsSet = Mono
		$2.inheritsScope = text/plain
		$2.scope = text/plain
		$0.TextStylePolicy = $3
		$3.RemoveTrailingWhitespace = True
		$3.EolMarker = Windows
		$3.inheritsSet = Mono
		$3.inheritsScope = text/plain
		$3.scope = text/x-csharp
		$0.CSharpFormattingPolicy = $4
		$4.inheritsSet = Mono
		$4.inheritsScope = text/x-csharp
		$4.scope = text/x-csharp
	EndGlobalSection
EndGlobal
